// !$*UTF8*$!
{
	archiveVersion = 1;
	classes = {
	};
	objectVersion = 50;
	objects = {

/* Begin PBXBuildFile section */
		3A47637F218215A90080AEB1 /* MapKit.framework in Frameworks */ = {isa = PBXBuildFile; fileRef = 3A47637E218215A90080AEB1 /* MapKit.framework */; };
		3A476391218215DD0080AEB1 /* Query.swift in Sources */ = {isa = PBXBuildFile; fileRef = 3A476381218215DD0080AEB1 /* Query.swift */; };
		3A476392218215DD0080AEB1 /* DateFactory.swift in Sources */ = {isa = PBXBuildFile; fileRef = 3A476382218215DD0080AEB1 /* DateFactory.swift */; };
		3A476393218215DD0080AEB1 /* Vehicle.swift in Sources */ = {isa = PBXBuildFile; fileRef = 3A476383218215DD0080AEB1 /* Vehicle.swift */; };
		3A476394218215DD0080AEB1 /* Trip.swift in Sources */ = {isa = PBXBuildFile; fileRef = 3A476384218215DD0080AEB1 /* Trip.swift */; };
		3A476395218215DD0080AEB1 /* MURL.swift in Sources */ = {isa = PBXBuildFile; fileRef = 3A476385218215DD0080AEB1 /* MURL.swift */; };
		3A476399218215DD0080AEB1 /* JXObject.swift in Sources */ = {isa = PBXBuildFile; fileRef = 3A47638A218215DD0080AEB1 /* JXObject.swift */; };
		3A47639A218215DD0080AEB1 /* Schedule.swift in Sources */ = {isa = PBXBuildFile; fileRef = 3A47638B218215DD0080AEB1 /* Schedule.swift */; };
		3A47639B218215DD0080AEB1 /* Query Utilities.swift in Sources */ = {isa = PBXBuildFile; fileRef = 3A47638C218215DD0080AEB1 /* Query Utilities.swift */; };
		3A47639C218215DD0080AEB1 /* HasID.swift in Sources */ = {isa = PBXBuildFile; fileRef = 3A47638D218215DD0080AEB1 /* HasID.swift */; };
		3A47639D218215DD0080AEB1 /* Stop.swift in Sources */ = {isa = PBXBuildFile; fileRef = 3A47638E218215DD0080AEB1 /* Stop.swift */; };
		3A47639E218215DD0080AEB1 /* Prediction.swift in Sources */ = {isa = PBXBuildFile; fileRef = 3A47638F218215DD0080AEB1 /* Prediction.swift */; };
		3A47639F218215DD0080AEB1 /* Route.swift in Sources */ = {isa = PBXBuildFile; fileRef = 3A476390218215DD0080AEB1 /* Route.swift */; };
		3A4763B4218216070080AEB1 /* ViciniT.swift in Sources */ = {isa = PBXBuildFile; fileRef = 3A4763A0218216060080AEB1 /* ViciniT.swift */; };
		3A4763B5218216070080AEB1 /* UserSettings.swift in Sources */ = {isa = PBXBuildFile; fileRef = 3A4763A1218216060080AEB1 /* UserSettings.swift */; };
		3A4763B6218216070080AEB1 /* ResponseHandler.swift in Sources */ = {isa = PBXBuildFile; fileRef = 3A4763A2218216060080AEB1 /* ResponseHandler.swift */; };
		3A4763B7218216070080AEB1 /* PredictionViewController.swift in Sources */ = {isa = PBXBuildFile; fileRef = 3A4763A3218216060080AEB1 /* PredictionViewController.swift */; };
		3A4763B8218216070080AEB1 /* Default.swift in Sources */ = {isa = PBXBuildFile; fileRef = 3A4763A4218216060080AEB1 /* Default.swift */; };
		3A4763B9218216070080AEB1 /* MarkView.swift in Sources */ = {isa = PBXBuildFile; fileRef = 3A4763A6218216060080AEB1 /* MarkView.swift */; };
		3A4763BA218216070080AEB1 /* Mark.swift in Sources */ = {isa = PBXBuildFile; fileRef = 3A4763A7218216060080AEB1 /* Mark.swift */; };
		3A4763BC218216070080AEB1 /* Assets.xcassets in Resources */ = {isa = PBXBuildFile; fileRef = 3A4763A9218216060080AEB1 /* Assets.xcassets */; };
		3A4763BD218216070080AEB1 /* AppDelegate.swift in Sources */ = {isa = PBXBuildFile; fileRef = 3A4763AA218216060080AEB1 /* AppDelegate.swift */; };
		3A4763BE218216070080AEB1 /* MapViewDelegate.swift in Sources */ = {isa = PBXBuildFile; fileRef = 3A4763AB218216060080AEB1 /* MapViewDelegate.swift */; };
		3A4763BF218216070080AEB1 /* MapViewController.swift in Sources */ = {isa = PBXBuildFile; fileRef = 3A4763AC218216060080AEB1 /* MapViewController.swift */; };
		3A4763C0218216070080AEB1 /* InfoViewController.swift in Sources */ = {isa = PBXBuildFile; fileRef = 3A4763AD218216060080AEB1 /* InfoViewController.swift */; };
		3A4763C1218216070080AEB1 /* PredictionCell.swift in Sources */ = {isa = PBXBuildFile; fileRef = 3A4763AE218216070080AEB1 /* PredictionCell.swift */; };
		3A4763C2218216070080AEB1 /* LaunchScreen.storyboard in Resources */ = {isa = PBXBuildFile; fileRef = 3A4763B0218216070080AEB1 /* LaunchScreen.storyboard */; };
		3A4763C3218216070080AEB1 /* Main.storyboard in Resources */ = {isa = PBXBuildFile; fileRef = 3A4763B2218216070080AEB1 /* Main.storyboard */; };
		3A4763C5218216240080AEB1 /* ViciniTHelp.rtf in Resources */ = {isa = PBXBuildFile; fileRef = 3A4763C4218216240080AEB1 /* ViciniTHelp.rtf */; };
		3A4763CC21835B1E0080AEB1 /* Debug.swift in Sources */ = {isa = PBXBuildFile; fileRef = 3A4763CB21835B1E0080AEB1 /* Debug.swift */; };
/* End PBXBuildFile section */

/* Begin PBXFileReference section */
		3A4763682182157F0080AEB1 /* ViciniT.app */ = {isa = PBXFileReference; explicitFileType = wrapper.application; includeInIndex = 0; path = ViciniT.app; sourceTree = BUILT_PRODUCTS_DIR; };
		3A4763772182157F0080AEB1 /* Info.plist */ = {isa = PBXFileReference; lastKnownFileType = text.plist.xml; path = Info.plist; sourceTree = "<group>"; };
		3A47637E218215A90080AEB1 /* MapKit.framework */ = {isa = PBXFileReference; lastKnownFileType = wrapper.framework; name = MapKit.framework; path = System/Library/Frameworks/MapKit.framework; sourceTree = SDKROOT; };
		3A476381218215DD0080AEB1 /* Query.swift */ = {isa = PBXFileReference; fileEncoding = 4; lastKnownFileType = sourcecode.swift; path = Query.swift; sourceTree = "<group>"; };
		3A476382218215DD0080AEB1 /* DateFactory.swift */ = {isa = PBXFileReference; fileEncoding = 4; lastKnownFileType = sourcecode.swift; path = DateFactory.swift; sourceTree = "<group>"; };
		3A476383218215DD0080AEB1 /* Vehicle.swift */ = {isa = PBXFileReference; fileEncoding = 4; lastKnownFileType = sourcecode.swift; path = Vehicle.swift; sourceTree = "<group>"; };
		3A476384218215DD0080AEB1 /* Trip.swift */ = {isa = PBXFileReference; fileEncoding = 4; lastKnownFileType = sourcecode.swift; path = Trip.swift; sourceTree = "<group>"; };
		3A476385218215DD0080AEB1 /* MURL.swift */ = {isa = PBXFileReference; fileEncoding = 4; lastKnownFileType = sourcecode.swift; path = MURL.swift; sourceTree = "<group>"; };
		3A47638A218215DD0080AEB1 /* JXObject.swift */ = {isa = PBXFileReference; fileEncoding = 4; lastKnownFileType = sourcecode.swift; path = JXObject.swift; sourceTree = "<group>"; };
		3A47638B218215DD0080AEB1 /* Schedule.swift */ = {isa = PBXFileReference; fileEncoding = 4; lastKnownFileType = sourcecode.swift; path = Schedule.swift; sourceTree = "<group>"; };
		3A47638C218215DD0080AEB1 /* Query Utilities.swift */ = {isa = PBXFileReference; fileEncoding = 4; lastKnownFileType = sourcecode.swift; path = "Query Utilities.swift"; sourceTree = "<group>"; };
		3A47638D218215DD0080AEB1 /* HasID.swift */ = {isa = PBXFileReference; fileEncoding = 4; lastKnownFileType = sourcecode.swift; path = HasID.swift; sourceTree = "<group>"; };
		3A47638E218215DD0080AEB1 /* Stop.swift */ = {isa = PBXFileReference; fileEncoding = 4; lastKnownFileType = sourcecode.swift; path = Stop.swift; sourceTree = "<group>"; };
		3A47638F218215DD0080AEB1 /* Prediction.swift */ = {isa = PBXFileReference; fileEncoding = 4; lastKnownFileType = sourcecode.swift; path = Prediction.swift; sourceTree = "<group>"; };
		3A476390218215DD0080AEB1 /* Route.swift */ = {isa = PBXFileReference; fileEncoding = 4; lastKnownFileType = sourcecode.swift; path = Route.swift; sourceTree = "<group>"; };
		3A4763A0218216060080AEB1 /* ViciniT.swift */ = {isa = PBXFileReference; fileEncoding = 4; lastKnownFileType = sourcecode.swift; path = ViciniT.swift; sourceTree = "<group>"; };
		3A4763A1218216060080AEB1 /* UserSettings.swift */ = {isa = PBXFileReference; fileEncoding = 4; lastKnownFileType = sourcecode.swift; path = UserSettings.swift; sourceTree = "<group>"; };
		3A4763A2218216060080AEB1 /* ResponseHandler.swift */ = {isa = PBXFileReference; fileEncoding = 4; lastKnownFileType = sourcecode.swift; path = ResponseHandler.swift; sourceTree = "<group>"; };
		3A4763A3218216060080AEB1 /* PredictionViewController.swift */ = {isa = PBXFileReference; fileEncoding = 4; lastKnownFileType = sourcecode.swift; path = PredictionViewController.swift; sourceTree = "<group>"; };
		3A4763A4218216060080AEB1 /* Default.swift */ = {isa = PBXFileReference; fileEncoding = 4; lastKnownFileType = sourcecode.swift; path = Default.swift; sourceTree = "<group>"; };
		3A4763A6218216060080AEB1 /* MarkView.swift */ = {isa = PBXFileReference; fileEncoding = 4; lastKnownFileType = sourcecode.swift; path = MarkView.swift; sourceTree = "<group>"; };
		3A4763A7218216060080AEB1 /* Mark.swift */ = {isa = PBXFileReference; fileEncoding = 4; lastKnownFileType = sourcecode.swift; path = Mark.swift; sourceTree = "<group>"; };
		3A4763A9218216060080AEB1 /* Assets.xcassets */ = {isa = PBXFileReference; lastKnownFileType = folder.assetcatalog; path = Assets.xcassets; sourceTree = "<group>"; };
		3A4763AA218216060080AEB1 /* AppDelegate.swift */ = {isa = PBXFileReference; fileEncoding = 4; lastKnownFileType = sourcecode.swift; path = AppDelegate.swift; sourceTree = "<group>"; };
		3A4763AB218216060080AEB1 /* MapViewDelegate.swift */ = {isa = PBXFileReference; fileEncoding = 4; lastKnownFileType = sourcecode.swift; path = MapViewDelegate.swift; sourceTree = "<group>"; };
		3A4763AC218216060080AEB1 /* MapViewController.swift */ = {isa = PBXFileReference; fileEncoding = 4; lastKnownFileType = sourcecode.swift; path = MapViewController.swift; sourceTree = "<group>"; };
		3A4763AD218216060080AEB1 /* InfoViewController.swift */ = {isa = PBXFileReference; fileEncoding = 4; lastKnownFileType = sourcecode.swift; path = InfoViewController.swift; sourceTree = "<group>"; };
		3A4763AE218216070080AEB1 /* PredictionCell.swift */ = {isa = PBXFileReference; fileEncoding = 4; lastKnownFileType = sourcecode.swift; path = PredictionCell.swift; sourceTree = "<group>"; };
		3A4763B1218216070080AEB1 /* Base */ = {isa = PBXFileReference; lastKnownFileType = file.storyboard; name = Base; path = LaunchScreen.storyboard; sourceTree = "<group>"; };
		3A4763B3218216070080AEB1 /* Base */ = {isa = PBXFileReference; lastKnownFileType = file.storyboard; name = Base; path = Main.storyboard; sourceTree = "<group>"; };
		3A4763C4218216240080AEB1 /* ViciniTHelp.rtf */ = {isa = PBXFileReference; fileEncoding = 4; lastKnownFileType = text.rtf; path = ViciniTHelp.rtf; sourceTree = "<group>"; };
		3A4763CB21835B1E0080AEB1 /* Debug.swift */ = {isa = PBXFileReference; fileEncoding = 4; lastKnownFileType = sourcecode.swift; name = Debug.swift; path = Debug/Debug.swift; sourceTree = SOURCE_ROOT; };
/* End PBXFileReference section */

/* Begin PBXFrameworksBuildPhase section */
		3A4763652182157F0080AEB1 /* Frameworks */ = {
			isa = PBXFrameworksBuildPhase;
			buildActionMask = 2147483647;
			files = (
				3A47637F218215A90080AEB1 /* MapKit.framework in Frameworks */,
			);
			runOnlyForDeploymentPostprocessing = 0;
		};
/* End PBXFrameworksBuildPhase section */

/* Begin PBXGroup section */
		3A47635F2182157F0080AEB1 = {
			isa = PBXGroup;
			children = (
				3A4763C4218216240080AEB1 /* ViciniTHelp.rtf */,
				3A476380218215DD0080AEB1 /* MBTAKit */,
				3A47636A2182157F0080AEB1 /* ViciniT */,
				3A4763692182157F0080AEB1 /* Products */,
				3A47637D218215A90080AEB1 /* Frameworks */,
			);
			sourceTree = "<group>";
		};
		3A4763692182157F0080AEB1 /* Products */ = {
			isa = PBXGroup;
			children = (
				3A4763682182157F0080AEB1 /* ViciniT.app */,
			);
			name = Products;
			sourceTree = "<group>";
		};
		3A47636A2182157F0080AEB1 /* ViciniT */ = {
			isa = PBXGroup;
			children = (
				3A4763AA218216060080AEB1 /* AppDelegate.swift */,
				3A4763A9218216060080AEB1 /* Assets.xcassets */,
				3A4763AF218216070080AEB1 /* Base.lproj */,
				3A4763A4218216060080AEB1 /* Default.swift */,
				3A4763CB21835B1E0080AEB1 /* Debug.swift */,
				3A4763AD218216060080AEB1 /* InfoViewController.swift */,
				3A4763AC218216060080AEB1 /* MapViewController.swift */,
				3A4763AB218216060080AEB1 /* MapViewDelegate.swift */,
				3A4763A5218216060080AEB1 /* Marks */,
				3A4763AE218216070080AEB1 /* PredictionCell.swift */,
				3A4763A3218216060080AEB1 /* PredictionViewController.swift */,
				3A4763A2218216060080AEB1 /* ResponseHandler.swift */,
				3A4763A1218216060080AEB1 /* UserSettings.swift */,
				3A4763A0218216060080AEB1 /* ViciniT.swift */,
				3A4763772182157F0080AEB1 /* Info.plist */,
			);
			path = ViciniT;
			sourceTree = "<group>";
		};
		3A47637D218215A90080AEB1 /* Frameworks */ = {
			isa = PBXGroup;
			children = (
				3A47637E218215A90080AEB1 /* MapKit.framework */,
			);
			name = Frameworks;
			sourceTree = "<group>";
		};
		3A476380218215DD0080AEB1 /* MBTAKit */ = {
			isa = PBXGroup;
			children = (
				3A476381218215DD0080AEB1 /* Query.swift */,
				3A476382218215DD0080AEB1 /* DateFactory.swift */,
				3A476383218215DD0080AEB1 /* Vehicle.swift */,
				3A476384218215DD0080AEB1 /* Trip.swift */,
				3A476385218215DD0080AEB1 /* MURL.swift */,
				3A47638A218215DD0080AEB1 /* JXObject.swift */,
				3A47638B218215DD0080AEB1 /* Schedule.swift */,
				3A47638C218215DD0080AEB1 /* Query Utilities.swift */,
				3A47638D218215DD0080AEB1 /* HasID.swift */,
				3A47638E218215DD0080AEB1 /* Stop.swift */,
				3A47638F218215DD0080AEB1 /* Prediction.swift */,
				3A476390218215DD0080AEB1 /* Route.swift */,
			);
			path = MBTAKit;
			sourceTree = "<group>";
		};
		3A4763A5218216060080AEB1 /* Marks */ = {
			isa = PBXGroup;
			children = (
				3A4763A6218216060080AEB1 /* MarkView.swift */,
				3A4763A7218216060080AEB1 /* Mark.swift */,
			);
			path = Marks;
			sourceTree = "<group>";
		};
		3A4763AF218216070080AEB1 /* Base.lproj */ = {
			isa = PBXGroup;
			children = (
				3A4763B0218216070080AEB1 /* LaunchScreen.storyboard */,
				3A4763B2218216070080AEB1 /* Main.storyboard */,
			);
			name = Base.lproj;
			path = ../../../../newt2/ViciniT/ViciniT/Base.lproj;
			sourceTree = "<group>";
		};
/* End PBXGroup section */

/* Begin PBXNativeTarget section */
		3A4763672182157F0080AEB1 /* ViciniT */ = {
			isa = PBXNativeTarget;
			buildConfigurationList = 3A47637A2182157F0080AEB1 /* Build configuration list for PBXNativeTarget "ViciniT" */;
			buildPhases = (
				3A4763642182157F0080AEB1 /* Sources */,
				3A4763652182157F0080AEB1 /* Frameworks */,
				3A4763662182157F0080AEB1 /* Resources */,
			);
			buildRules = (
			);
			dependencies = (
			);
			name = ViciniT;
			productName = ViciniT;
			productReference = 3A4763682182157F0080AEB1 /* ViciniT.app */;
			productType = "com.apple.product-type.application";
		};
/* End PBXNativeTarget section */

/* Begin PBXProject section */
		3A4763602182157F0080AEB1 /* Project object */ = {
			isa = PBXProject;
			attributes = {
				LastSwiftUpdateCheck = 1010;
				LastUpgradeCheck = 1010;
				ORGANIZATIONNAME = "Andrew Ferreira";
				TargetAttributes = {
					3A4763672182157F0080AEB1 = {
						CreatedOnToolsVersion = 10.1;
					};
				};
			};
			buildConfigurationList = 3A4763632182157F0080AEB1 /* Build configuration list for PBXProject "ViciniT" */;
			compatibilityVersion = "Xcode 9.3";
			developmentRegion = en;
			hasScannedForEncodings = 0;
			knownRegions = (
				en,
				Base,
			);
			mainGroup = 3A47635F2182157F0080AEB1;
			productRefGroup = 3A4763692182157F0080AEB1 /* Products */;
			projectDirPath = "";
			projectRoot = "";
			targets = (
				3A4763672182157F0080AEB1 /* ViciniT */,
			);
		};
/* End PBXProject section */

/* Begin PBXResourcesBuildPhase section */
		3A4763662182157F0080AEB1 /* Resources */ = {
			isa = PBXResourcesBuildPhase;
			buildActionMask = 2147483647;
			files = (
				3A4763C2218216070080AEB1 /* LaunchScreen.storyboard in Resources */,
				3A4763BC218216070080AEB1 /* Assets.xcassets in Resources */,
				3A4763C3218216070080AEB1 /* Main.storyboard in Resources */,
				3A4763C5218216240080AEB1 /* ViciniTHelp.rtf in Resources */,
			);
			runOnlyForDeploymentPostprocessing = 0;
		};
/* End PBXResourcesBuildPhase section */

/* Begin PBXSourcesBuildPhase section */
		3A4763642182157F0080AEB1 /* Sources */ = {
			isa = PBXSourcesBuildPhase;
			buildActionMask = 2147483647;
			files = (
				3A476394218215DD0080AEB1 /* Trip.swift in Sources */,
				3A476393218215DD0080AEB1 /* Vehicle.swift in Sources */,
				3A47639F218215DD0080AEB1 /* Route.swift in Sources */,
				3A476395218215DD0080AEB1 /* MURL.swift in Sources */,
				3A4763B8218216070080AEB1 /* Default.swift in Sources */,
				3A47639E218215DD0080AEB1 /* Prediction.swift in Sources */,
				3A47639B218215DD0080AEB1 /* Query Utilities.swift in Sources */,
				3A4763BF218216070080AEB1 /* MapViewController.swift in Sources */,
				3A4763BA218216070080AEB1 /* Mark.swift in Sources */,
				3A476392218215DD0080AEB1 /* DateFactory.swift in Sources */,
				3A47639C218215DD0080AEB1 /* HasID.swift in Sources */,
				3A4763BE218216070080AEB1 /* MapViewDelegate.swift in Sources */,
				3A4763C1218216070080AEB1 /* PredictionCell.swift in Sources */,
				3A47639D218215DD0080AEB1 /* Stop.swift in Sources */,
				3A4763B6218216070080AEB1 /* ResponseHandler.swift in Sources */,
				3A4763B7218216070080AEB1 /* PredictionViewController.swift in Sources */,
				3A4763B9218216070080AEB1 /* MarkView.swift in Sources */,
				3A476391218215DD0080AEB1 /* Query.swift in Sources */,
				3A47639A218215DD0080AEB1 /* Schedule.swift in Sources */,
				3A4763B4218216070080AEB1 /* ViciniT.swift in Sources */,
				3A4763C0218216070080AEB1 /* InfoViewController.swift in Sources */,
				3A4763CC21835B1E0080AEB1 /* Debug.swift in Sources */,
				3A476399218215DD0080AEB1 /* JXObject.swift in Sources */,
				3A4763B5218216070080AEB1 /* UserSettings.swift in Sources */,
				3A4763BD218216070080AEB1 /* AppDelegate.swift in Sources */,
			);
			runOnlyForDeploymentPostprocessing = 0;
		};
/* End PBXSourcesBuildPhase section */

/* Begin PBXVariantGroup section */
		3A4763B0218216070080AEB1 /* LaunchScreen.storyboard */ = {
			isa = PBXVariantGroup;
			children = (
				3A4763B1218216070080AEB1 /* Base */,
			);
			name = LaunchScreen.storyboard;
			sourceTree = "<group>";
		};
		3A4763B2218216070080AEB1 /* Main.storyboard */ = {
			isa = PBXVariantGroup;
			children = (
				3A4763B3218216070080AEB1 /* Base */,
			);
			name = Main.storyboard;
			sourceTree = "<group>";
		};
/* End PBXVariantGroup section */

/* Begin XCBuildConfiguration section */
		3A4763782182157F0080AEB1 /* Debug */ = {
			isa = XCBuildConfiguration;
			buildSettings = {
				ALWAYS_SEARCH_USER_PATHS = NO;
				CLANG_ANALYZER_NONNULL = YES;
				CLANG_ANALYZER_NUMBER_OBJECT_CONVERSION = YES_AGGRESSIVE;
				CLANG_CXX_LANGUAGE_STANDARD = "gnu++14";
				CLANG_CXX_LIBRARY = "libc++";
				CLANG_ENABLE_MODULES = YES;
				CLANG_ENABLE_OBJC_ARC = YES;
				CLANG_ENABLE_OBJC_WEAK = YES;
				CLANG_WARN_BLOCK_CAPTURE_AUTORELEASING = YES;
				CLANG_WARN_BOOL_CONVERSION = YES;
				CLANG_WARN_COMMA = YES;
				CLANG_WARN_CONSTANT_CONVERSION = YES;
				CLANG_WARN_DEPRECATED_OBJC_IMPLEMENTATIONS = YES;
				CLANG_WARN_DIRECT_OBJC_ISA_USAGE = YES_ERROR;
				CLANG_WARN_DOCUMENTATION_COMMENTS = YES;
				CLANG_WARN_EMPTY_BODY = YES;
				CLANG_WARN_ENUM_CONVERSION = YES;
				CLANG_WARN_INFINITE_RECURSION = YES;
				CLANG_WARN_INT_CONVERSION = YES;
				CLANG_WARN_NON_LITERAL_NULL_CONVERSION = YES;
				CLANG_WARN_OBJC_IMPLICIT_RETAIN_SELF = YES;
				CLANG_WARN_OBJC_LITERAL_CONVERSION = YES;
				CLANG_WARN_OBJC_ROOT_CLASS = YES_ERROR;
				CLANG_WARN_RANGE_LOOP_ANALYSIS = YES;
				CLANG_WARN_STRICT_PROTOTYPES = YES;
				CLANG_WARN_SUSPICIOUS_MOVE = YES;
				CLANG_WARN_UNGUARDED_AVAILABILITY = YES_AGGRESSIVE;
				CLANG_WARN_UNREACHABLE_CODE = YES;
				CLANG_WARN__DUPLICATE_METHOD_MATCH = YES;
				CODE_SIGN_IDENTITY = "iPhone Developer";
				COPY_PHASE_STRIP = NO;
				DEBUG_INFORMATION_FORMAT = dwarf;
				ENABLE_STRICT_OBJC_MSGSEND = YES;
				ENABLE_TESTABILITY = YES;
				GCC_C_LANGUAGE_STANDARD = gnu11;
				GCC_DYNAMIC_NO_PIC = NO;
				GCC_NO_COMMON_BLOCKS = YES;
				GCC_OPTIMIZATION_LEVEL = 0;
				GCC_PREPROCESSOR_DEFINITIONS = (
					"DEBUG=1",
					"$(inherited)",
				);
				GCC_WARN_64_TO_32_BIT_CONVERSION = YES;
				GCC_WARN_ABOUT_RETURN_TYPE = YES_ERROR;
				GCC_WARN_UNDECLARED_SELECTOR = YES;
				GCC_WARN_UNINITIALIZED_AUTOS = YES_AGGRESSIVE;
				GCC_WARN_UNUSED_FUNCTION = YES;
				GCC_WARN_UNUSED_VARIABLE = YES;
				IPHONEOS_DEPLOYMENT_TARGET = 12.1;
				MTL_ENABLE_DEBUG_INFO = INCLUDE_SOURCE;
				MTL_FAST_MATH = YES;
				ONLY_ACTIVE_ARCH = YES;
				SDKROOT = iphoneos;
				SWIFT_ACTIVE_COMPILATION_CONDITIONS = DEBUG;
				SWIFT_OPTIMIZATION_LEVEL = "-Onone";
			};
			name = Debug;
		};
		3A4763792182157F0080AEB1 /* Release */ = {
			isa = XCBuildConfiguration;
			buildSettings = {
				ALWAYS_SEARCH_USER_PATHS = NO;
				CLANG_ANALYZER_NONNULL = YES;
				CLANG_ANALYZER_NUMBER_OBJECT_CONVERSION = YES_AGGRESSIVE;
				CLANG_CXX_LANGUAGE_STANDARD = "gnu++14";
				CLANG_CXX_LIBRARY = "libc++";
				CLANG_ENABLE_MODULES = YES;
				CLANG_ENABLE_OBJC_ARC = YES;
				CLANG_ENABLE_OBJC_WEAK = YES;
				CLANG_WARN_BLOCK_CAPTURE_AUTORELEASING = YES;
				CLANG_WARN_BOOL_CONVERSION = YES;
				CLANG_WARN_COMMA = YES;
				CLANG_WARN_CONSTANT_CONVERSION = YES;
				CLANG_WARN_DEPRECATED_OBJC_IMPLEMENTATIONS = YES;
				CLANG_WARN_DIRECT_OBJC_ISA_USAGE = YES_ERROR;
				CLANG_WARN_DOCUMENTATION_COMMENTS = YES;
				CLANG_WARN_EMPTY_BODY = YES;
				CLANG_WARN_ENUM_CONVERSION = YES;
				CLANG_WARN_INFINITE_RECURSION = YES;
				CLANG_WARN_INT_CONVERSION = YES;
				CLANG_WARN_NON_LITERAL_NULL_CONVERSION = YES;
				CLANG_WARN_OBJC_IMPLICIT_RETAIN_SELF = YES;
				CLANG_WARN_OBJC_LITERAL_CONVERSION = YES;
				CLANG_WARN_OBJC_ROOT_CLASS = YES_ERROR;
				CLANG_WARN_RANGE_LOOP_ANALYSIS = YES;
				CLANG_WARN_STRICT_PROTOTYPES = YES;
				CLANG_WARN_SUSPICIOUS_MOVE = YES;
				CLANG_WARN_UNGUARDED_AVAILABILITY = YES_AGGRESSIVE;
				CLANG_WARN_UNREACHABLE_CODE = YES;
				CLANG_WARN__DUPLICATE_METHOD_MATCH = YES;
				CODE_SIGN_IDENTITY = "iPhone Developer";
				COPY_PHASE_STRIP = NO;
				DEBUG_INFORMATION_FORMAT = "dwarf-with-dsym";
				ENABLE_NS_ASSERTIONS = NO;
				ENABLE_STRICT_OBJC_MSGSEND = YES;
				GCC_C_LANGUAGE_STANDARD = gnu11;
				GCC_NO_COMMON_BLOCKS = YES;
				GCC_WARN_64_TO_32_BIT_CONVERSION = YES;
				GCC_WARN_ABOUT_RETURN_TYPE = YES_ERROR;
				GCC_WARN_UNDECLARED_SELECTOR = YES;
				GCC_WARN_UNINITIALIZED_AUTOS = YES_AGGRESSIVE;
				GCC_WARN_UNUSED_FUNCTION = YES;
				GCC_WARN_UNUSED_VARIABLE = YES;
				IPHONEOS_DEPLOYMENT_TARGET = 12.1;
				MTL_ENABLE_DEBUG_INFO = NO;
				MTL_FAST_MATH = YES;
				SDKROOT = iphoneos;
				SWIFT_COMPILATION_MODE = wholemodule;
				SWIFT_OPTIMIZATION_LEVEL = "-O";
				VALIDATE_PRODUCT = YES;
			};
			name = Release;
		};
		3A47637B2182157F0080AEB1 /* Debug */ = {
			isa = XCBuildConfiguration;
			buildSettings = {
				ASSETCATALOG_COMPILER_APPICON_NAME = AppIcon;
				CODE_SIGN_STYLE = Automatic;
				DEVELOPMENT_TEAM = YJQHM87BYU;
				GCC_GENERATE_DEBUGGING_SYMBOLS = YES;
				INFOPLIST_FILE = ViciniT/Info.plist;
				IPHONEOS_DEPLOYMENT_TARGET = 11.0;
				LD_RUNPATH_SEARCH_PATHS = (
					"$(inherited)",
					"@executable_path/Frameworks",
				);
				PRODUCT_BUNDLE_IDENTIFIER = boston.drew.ViciniT;
				PRODUCT_NAME = "$(TARGET_NAME)";
				SWIFT_VERSION = 4.2;
				TARGETED_DEVICE_FAMILY = "1,2";
			};
			name = Debug;
		};
		3A47637C2182157F0080AEB1 /* Release */ = {
			isa = XCBuildConfiguration;
			buildSettings = {
				ASSETCATALOG_COMPILER_APPICON_NAME = AppIcon;
				CODE_SIGN_STYLE = Automatic;
				DEVELOPMENT_TEAM = YJQHM87BYU;
				GCC_GENERATE_DEBUGGING_SYMBOLS = YES;
				INFOPLIST_FILE = ViciniT/Info.plist;
				IPHONEOS_DEPLOYMENT_TARGET = 11.0;
				LD_RUNPATH_SEARCH_PATHS = (
					"$(inherited)",
					"@executable_path/Frameworks",
				);
				PRODUCT_BUNDLE_IDENTIFIER = boston.drew.ViciniT;
				PRODUCT_NAME = "$(TARGET_NAME)";
				SWIFT_VERSION = 4.2;
				TARGETED_DEVICE_FAMILY = "1,2";
			};
			name = Release;
		};
/* End XCBuildConfiguration section */

/* Begin XCConfigurationList section */
		3A4763632182157F0080AEB1 /* Build configuration list for PBXProject "ViciniT" */ = {
			isa = XCConfigurationList;
			buildConfigurations = (
				3A4763782182157F0080AEB1 /* Debug */,
				3A4763792182157F0080AEB1 /* Release */,
			);
			defaultConfigurationIsVisible = 0;
			defaultConfigurationName = Release;
		};
		3A47637A2182157F0080AEB1 /* Build configuration list for PBXNativeTarget "ViciniT" */ = {
			isa = XCConfigurationList;
			buildConfigurations = (
				3A47637B2182157F0080AEB1 /* Debug */,
				3A47637C2182157F0080AEB1 /* Release */,
			);
			defaultConfigurationIsVisible = 0;
			defaultConfigurationName = Release;
		};
/* End XCConfigurationList section */
	};
	rootObject = 3A4763602182157F0080AEB1 /* Project object */;
}
